
Microsoft Visual Studio Solution File, Format Version 12.00
# Visual Studio Version 17
VisualStudioVersion = 17.13.35931.197 d17.13
MinimumVisualStudioVersion = 10.0.40219.1
Project("{FAE04EC0-301F-11D3-BF4B-00C04F79EFBC}") = "IceColdAdmin", "IceColdAdmin\IceColdAdmin.csproj", "{7C548A04-CB02-4AB1-9192-527978D25B7D}"
EndProject
Global
	GlobalSection(SolutionConfigurationPlatforms) = preSolution
		Debug|Any CPU = Debug|Any CPU
		Release|Any CPU = Release|Any CPU
	EndGlobalSection
	GlobalSection(ProjectConfigurationPlatforms) = postSolution
		{7C548A04-CB02-4AB1-9192-527978D25B7D}.Debug|Any CPU.ActiveCfg = Debug|Any CPU
		{7C548A04-CB02-4AB1-9192-527978D25B7D}.Debug|Any CPU.Build.0 = Debug|Any CPU
		{7C548A04-CB02-4AB1-9192-527978D25B7D}.Release|Any CPU.ActiveCfg = Release|Any CPU
		{7C548A04-CB02-4AB1-9192-527978D25B7D}.Release|Any CPU.Build.0 = Release|Any CPU
	EndGlobalSection
	GlobalSection(SolutionProperties) = preSolution
		HideSolutionNode = FALSE
	EndGlobalSection
	GlobalSection(ExtensibilityGlobals) = postSolution
		SolutionGuid = {3F7BA305-8C1D-41B6-B581-36A20B8111B1}
	EndGlobalSection
EndGlobal
